// !$*UTF8*$!
{
	archiveVersion = 1;
	classes = {
	};
	objectVersion = 56;
	objects = {

/* Begin PBXBuildFile section */
		3A056DF029DF272500545072 /* TimerView.swift in Sources */ = {isa = PBXBuildFile; fileRef = 3A056DEF29DF272500545072 /* TimerView.swift */; };
		3A056DF229DF279A00545072 /* ProgressView.swift in Sources */ = {isa = PBXBuildFile; fileRef = 3A056DF129DF279A00545072 /* ProgressView.swift */; };
		3A29659529DC83D100DCEDBF /* AppDelegate.swift in Sources */ = {isa = PBXBuildFile; fileRef = 3A29659429DC83D100DCEDBF /* AppDelegate.swift */; };
		3A29659729DC83D100DCEDBF /* SceneDelegate.swift in Sources */ = {isa = PBXBuildFile; fileRef = 3A29659629DC83D100DCEDBF /* SceneDelegate.swift */; };
		3A29659929DC83D100DCEDBF /* OverviewController.swift in Sources */ = {isa = PBXBuildFile; fileRef = 3A29659829DC83D100DCEDBF /* OverviewController.swift */; };
		3A29659E29DC83D200DCEDBF /* Assets.xcassets in Resources */ = {isa = PBXBuildFile; fileRef = 3A29659D29DC83D200DCEDBF /* Assets.xcassets */; };
		3A2965A129DC83D200DCEDBF /* LaunchScreen.storyboard in Resources */ = {isa = PBXBuildFile; fileRef = 3A29659F29DC83D200DCEDBF /* LaunchScreen.storyboard */; };
		3A2965AB29DC85D900DCEDBF /* TabBarController.swift in Sources */ = {isa = PBXBuildFile; fileRef = 3A2965AA29DC85D900DCEDBF /* TabBarController.swift */; };
		3A2965AE29DC866A00DCEDBF /* UIColor+Extension.swift in Sources */ = {isa = PBXBuildFile; fileRef = 3A2965AD29DC866A00DCEDBF /* UIColor+Extension.swift */; };
		3A2965B029DC878600DCEDBF /* Resources.swift in Sources */ = {isa = PBXBuildFile; fileRef = 3A2965AF29DC878600DCEDBF /* Resources.swift */; };
		3A2965B229DCB10100DCEDBF /* NavBarController.swift in Sources */ = {isa = PBXBuildFile; fileRef = 3A2965B129DCB10100DCEDBF /* NavBarController.swift */; };
		3A2965B629DCB27500DCEDBF /* BaseController.swift in Sources */ = {isa = PBXBuildFile; fileRef = 3A2965B529DCB27500DCEDBF /* BaseController.swift */; };
		3A2965B829DCB44800DCEDBF /* UIView+Extension.swift in Sources */ = {isa = PBXBuildFile; fileRef = 3A2965B729DCB44800DCEDBF /* UIView+Extension.swift */; };
		3A2965C029DCB58000DCEDBF /* SessionController.swift in Sources */ = {isa = PBXBuildFile; fileRef = 3A2965BF29DCB58000DCEDBF /* SessionController.swift */; };
		3A2965C229DCB58E00DCEDBF /* ProgressController.swift in Sources */ = {isa = PBXBuildFile; fileRef = 3A2965C129DCB58E00DCEDBF /* ProgressController.swift */; };
		3A2965C429DCB59900DCEDBF /* SettingsController.swift in Sources */ = {isa = PBXBuildFile; fileRef = 3A2965C329DCB59900DCEDBF /* SettingsController.swift */; };
		3A2965C729DCBA4D00DCEDBF /* WAButton.swift in Sources */ = {isa = PBXBuildFile; fileRef = 3A2965C629DCBA4D00DCEDBF /* WAButton.swift */; };
		3A2F18EB29DEEE5900EA3AD2 /* OverviewNavBar.swift in Sources */ = {isa = PBXBuildFile; fileRef = 3A2F18EA29DEEE5900EA3AD2 /* OverviewNavBar.swift */; };
		3A2F18ED29DEEE8900EA3AD2 /* BaseView.swift in Sources */ = {isa = PBXBuildFile; fileRef = 3A2F18EC29DEEE8900EA3AD2 /* BaseView.swift */; };
		3A2F18F029DF03D800EA3AD2 /* WeekView.swift in Sources */ = {isa = PBXBuildFile; fileRef = 3A2F18EF29DF03D800EA3AD2 /* WeekView.swift */; };
		3A2F18F229DF04BC00EA3AD2 /* WeekDayView.swift in Sources */ = {isa = PBXBuildFile; fileRef = 3A2F18F129DF04BC00EA3AD2 /* WeekDayView.swift */; };
		3A2F18F429DF089100EA3AD2 /* Date+Extension.swift in Sources */ = {isa = PBXBuildFile; fileRef = 3A2F18F329DF089100EA3AD2 /* Date+Extension.swift */; };
		3A2F18F629DF0FFB00EA3AD2 /* BaseInfoView.swift in Sources */ = {isa = PBXBuildFile; fileRef = 3A2F18F529DF0FFB00EA3AD2 /* BaseInfoView.swift */; };
		3A61C6DA29E2179200491874 /* PercentView.swift in Sources */ = {isa = PBXBuildFile; fileRef = 3A61C6D929E2179200491874 /* PercentView.swift */; };
		3A61C6DE29E2207D00491874 /* StatsView.swift in Sources */ = {isa = PBXBuildFile; fileRef = 3A61C6DD29E2207D00491874 /* StatsView.swift */; };
		3A61C6E129E220C000491874 /* StatsCellView.swift in Sources */ = {isa = PBXBuildFile; fileRef = 3A61C6E029E220C000491874 /* StatsCellView.swift */; };
		3A61C6E329E22B0600491874 /* StepsView.swift in Sources */ = {isa = PBXBuildFile; fileRef = 3A61C6E229E22B0600491874 /* StepsView.swift */; };
		3A61C6E529E22BE300491874 /* BarsView.swift in Sources */ = {isa = PBXBuildFile; fileRef = 3A61C6E429E22BE300491874 /* BarsView.swift */; };
		3A61C6E729E22BF400491874 /* BarView.swift in Sources */ = {isa = PBXBuildFile; fileRef = 3A61C6E629E22BF400491874 /* BarView.swift */; };
		3A61C6EA29E2DDD300491874 /* DailyPerformanceView.swift in Sources */ = {isa = PBXBuildFile; fileRef = 3A61C6E929E2DDD300491874 /* DailyPerformanceView.swift */; };
		3A61C6EC29E2E78400491874 /* MonthlyPerformanceView.swift in Sources */ = {isa = PBXBuildFile; fileRef = 3A61C6EB29E2E78400491874 /* MonthlyPerformanceView.swift */; };
		3A61C6EE29E2E90500491874 /* ChartsView.swift in Sources */ = {isa = PBXBuildFile; fileRef = 3A61C6ED29E2E90500491874 /* ChartsView.swift */; };
		3A61C6F129E2EA8F00491874 /* ChartsYAxisView.swift in Sources */ = {isa = PBXBuildFile; fileRef = 3A61C6F029E2EA8F00491874 /* ChartsYAxisView.swift */; };
		3A61C6F329E2ED9500491874 /* ChartsXAxisView.swift in Sources */ = {isa = PBXBuildFile; fileRef = 3A61C6F229E2ED9500491874 /* ChartsXAxisView.swift */; };
		3A61C6F529E2F2B500491874 /* ChartView.swift in Sources */ = {isa = PBXBuildFile; fileRef = 3A61C6F429E2F2B500491874 /* ChartView.swift */; };
		3A61C6F729E301AF00491874 /* SectionHeader.swift in Sources */ = {isa = PBXBuildFile; fileRef = 3A61C6F629E301AF00491874 /* SectionHeader.swift */; };
		3A61C6F929E305ED00491874 /* TrainingCellView.swift in Sources */ = {isa = PBXBuildFile; fileRef = 3A61C6F829E305ED00491874 /* TrainingCellView.swift */; };
/* End PBXBuildFile section */

/* Begin PBXFileReference section */
		3A056DEF29DF272500545072 /* TimerView.swift */ = {isa = PBXFileReference; lastKnownFileType = sourcecode.swift; path = TimerView.swift; sourceTree = "<group>"; };
		3A056DF129DF279A00545072 /* ProgressView.swift */ = {isa = PBXFileReference; lastKnownFileType = sourcecode.swift; path = ProgressView.swift; sourceTree = "<group>"; };
		3A29659129DC83D100DCEDBF /* WorkoutApp.app */ = {isa = PBXFileReference; explicitFileType = wrapper.application; includeInIndex = 0; path = WorkoutApp.app; sourceTree = BUILT_PRODUCTS_DIR; };
		3A29659429DC83D100DCEDBF /* AppDelegate.swift */ = {isa = PBXFileReference; lastKnownFileType = sourcecode.swift; path = AppDelegate.swift; sourceTree = "<group>"; };
		3A29659629DC83D100DCEDBF /* SceneDelegate.swift */ = {isa = PBXFileReference; lastKnownFileType = sourcecode.swift; path = SceneDelegate.swift; sourceTree = "<group>"; };
		3A29659829DC83D100DCEDBF /* OverviewController.swift */ = {isa = PBXFileReference; lastKnownFileType = sourcecode.swift; path = OverviewController.swift; sourceTree = "<group>"; };
		3A29659D29DC83D200DCEDBF /* Assets.xcassets */ = {isa = PBXFileReference; lastKnownFileType = folder.assetcatalog; path = Assets.xcassets; sourceTree = "<group>"; };
		3A2965A029DC83D200DCEDBF /* Base */ = {isa = PBXFileReference; lastKnownFileType = file.storyboard; name = Base; path = Base.lproj/LaunchScreen.storyboard; sourceTree = "<group>"; };
		3A2965A229DC83D200DCEDBF /* Info.plist */ = {isa = PBXFileReference; lastKnownFileType = text.plist.xml; path = Info.plist; sourceTree = "<group>"; };
		3A2965AA29DC85D900DCEDBF /* TabBarController.swift */ = {isa = PBXFileReference; lastKnownFileType = sourcecode.swift; path = TabBarController.swift; sourceTree = "<group>"; };
		3A2965AD29DC866A00DCEDBF /* UIColor+Extension.swift */ = {isa = PBXFileReference; lastKnownFileType = sourcecode.swift; path = "UIColor+Extension.swift"; sourceTree = "<group>"; };
		3A2965AF29DC878600DCEDBF /* Resources.swift */ = {isa = PBXFileReference; lastKnownFileType = sourcecode.swift; path = Resources.swift; sourceTree = "<group>"; };
		3A2965B129DCB10100DCEDBF /* NavBarController.swift */ = {isa = PBXFileReference; lastKnownFileType = sourcecode.swift; path = NavBarController.swift; sourceTree = "<group>"; };
		3A2965B529DCB27500DCEDBF /* BaseController.swift */ = {isa = PBXFileReference; lastKnownFileType = sourcecode.swift; path = BaseController.swift; sourceTree = "<group>"; };
		3A2965B729DCB44800DCEDBF /* UIView+Extension.swift */ = {isa = PBXFileReference; lastKnownFileType = sourcecode.swift; path = "UIView+Extension.swift"; sourceTree = "<group>"; };
		3A2965BF29DCB58000DCEDBF /* SessionController.swift */ = {isa = PBXFileReference; lastKnownFileType = sourcecode.swift; path = SessionController.swift; sourceTree = "<group>"; };
		3A2965C129DCB58E00DCEDBF /* ProgressController.swift */ = {isa = PBXFileReference; lastKnownFileType = sourcecode.swift; path = ProgressController.swift; sourceTree = "<group>"; };
		3A2965C329DCB59900DCEDBF /* SettingsController.swift */ = {isa = PBXFileReference; lastKnownFileType = sourcecode.swift; path = SettingsController.swift; sourceTree = "<group>"; };
		3A2965C629DCBA4D00DCEDBF /* WAButton.swift */ = {isa = PBXFileReference; lastKnownFileType = sourcecode.swift; path = WAButton.swift; sourceTree = "<group>"; };
		3A2F18EA29DEEE5900EA3AD2 /* OverviewNavBar.swift */ = {isa = PBXFileReference; lastKnownFileType = sourcecode.swift; path = OverviewNavBar.swift; sourceTree = "<group>"; };
		3A2F18EC29DEEE8900EA3AD2 /* BaseView.swift */ = {isa = PBXFileReference; lastKnownFileType = sourcecode.swift; path = BaseView.swift; sourceTree = "<group>"; };
		3A2F18EF29DF03D800EA3AD2 /* WeekView.swift */ = {isa = PBXFileReference; lastKnownFileType = sourcecode.swift; path = WeekView.swift; sourceTree = "<group>"; };
		3A2F18F129DF04BC00EA3AD2 /* WeekDayView.swift */ = {isa = PBXFileReference; lastKnownFileType = sourcecode.swift; path = WeekDayView.swift; sourceTree = "<group>"; };
		3A2F18F329DF089100EA3AD2 /* Date+Extension.swift */ = {isa = PBXFileReference; lastKnownFileType = sourcecode.swift; path = "Date+Extension.swift"; sourceTree = "<group>"; };
		3A2F18F529DF0FFB00EA3AD2 /* BaseInfoView.swift */ = {isa = PBXFileReference; lastKnownFileType = sourcecode.swift; path = BaseInfoView.swift; sourceTree = "<group>"; };
		3A61C6D929E2179200491874 /* PercentView.swift */ = {isa = PBXFileReference; lastKnownFileType = sourcecode.swift; path = PercentView.swift; sourceTree = "<group>"; };
		3A61C6DD29E2207D00491874 /* StatsView.swift */ = {isa = PBXFileReference; lastKnownFileType = sourcecode.swift; path = StatsView.swift; sourceTree = "<group>"; };
		3A61C6E029E220C000491874 /* StatsCellView.swift */ = {isa = PBXFileReference; lastKnownFileType = sourcecode.swift; path = StatsCellView.swift; sourceTree = "<group>"; };
		3A61C6E229E22B0600491874 /* StepsView.swift */ = {isa = PBXFileReference; lastKnownFileType = sourcecode.swift; path = StepsView.swift; sourceTree = "<group>"; };
		3A61C6E429E22BE300491874 /* BarsView.swift */ = {isa = PBXFileReference; lastKnownFileType = sourcecode.swift; path = BarsView.swift; sourceTree = "<group>"; };
		3A61C6E629E22BF400491874 /* BarView.swift */ = {isa = PBXFileReference; lastKnownFileType = sourcecode.swift; path = BarView.swift; sourceTree = "<group>"; };
		3A61C6E929E2DDD300491874 /* DailyPerformanceView.swift */ = {isa = PBXFileReference; lastKnownFileType = sourcecode.swift; path = DailyPerformanceView.swift; sourceTree = "<group>"; };
		3A61C6EB29E2E78400491874 /* MonthlyPerformanceView.swift */ = {isa = PBXFileReference; lastKnownFileType = sourcecode.swift; path = MonthlyPerformanceView.swift; sourceTree = "<group>"; };
		3A61C6ED29E2E90500491874 /* ChartsView.swift */ = {isa = PBXFileReference; lastKnownFileType = sourcecode.swift; path = ChartsView.swift; sourceTree = "<group>"; };
		3A61C6F029E2EA8F00491874 /* ChartsYAxisView.swift */ = {isa = PBXFileReference; lastKnownFileType = sourcecode.swift; path = ChartsYAxisView.swift; sourceTree = "<group>"; };
		3A61C6F229E2ED9500491874 /* ChartsXAxisView.swift */ = {isa = PBXFileReference; lastKnownFileType = sourcecode.swift; path = ChartsXAxisView.swift; sourceTree = "<group>"; };
		3A61C6F429E2F2B500491874 /* ChartView.swift */ = {isa = PBXFileReference; lastKnownFileType = sourcecode.swift; path = ChartView.swift; sourceTree = "<group>"; };
		3A61C6F629E301AF00491874 /* SectionHeader.swift */ = {isa = PBXFileReference; lastKnownFileType = sourcecode.swift; path = SectionHeader.swift; sourceTree = "<group>"; };
		3A61C6F829E305ED00491874 /* TrainingCellView.swift */ = {isa = PBXFileReference; lastKnownFileType = sourcecode.swift; path = TrainingCellView.swift; sourceTree = "<group>"; };
/* End PBXFileReference section */

/* Begin PBXFrameworksBuildPhase section */
		3A29658E29DC83D100DCEDBF /* Frameworks */ = {
			isa = PBXFrameworksBuildPhase;
			buildActionMask = 2147483647;
			files = (
			);
			runOnlyForDeploymentPostprocessing = 0;
		};
/* End PBXFrameworksBuildPhase section */

/* Begin PBXGroup section */
		3A056DEE29DF270E00545072 /* Views */ = {
			isa = PBXGroup;
			children = (
				3A056DF329DF27A000545072 /* Timer */,
				3A61C6DC29E21ED000491874 /* Steps */,
				3A61C6DB29E21ECA00491874 /* Stats */,
			);
			path = Views;
			sourceTree = "<group>";
		};
		3A056DF329DF27A000545072 /* Timer */ = {
			isa = PBXGroup;
			children = (
				3A056DEF29DF272500545072 /* TimerView.swift */,
				3A056DF129DF279A00545072 /* ProgressView.swift */,
				3A61C6D929E2179200491874 /* PercentView.swift */,
			);
			path = Timer;
			sourceTree = "<group>";
		};
		3A29658829DC83D100DCEDBF = {
			isa = PBXGroup;
			children = (
				3A29659329DC83D100DCEDBF /* WorkoutApp */,
				3A29659229DC83D100DCEDBF /* Products */,
			);
			sourceTree = "<group>";
		};
		3A29659229DC83D100DCEDBF /* Products */ = {
			isa = PBXGroup;
			children = (
				3A29659129DC83D100DCEDBF /* WorkoutApp.app */,
			);
			name = Products;
			sourceTree = "<group>";
		};
		3A29659329DC83D100DCEDBF /* WorkoutApp */ = {
			isa = PBXGroup;
			children = (
				3A2965AC29DC865900DCEDBF /* Helpers */,
				3A2965A829DC845F00DCEDBF /* Application */,
				3A2965B329DCB25300DCEDBF /* Controllers */,
				3A2965A929DC847000DCEDBF /* SupportingFiles */,
			);
			path = WorkoutApp;
			sourceTree = "<group>";
		};
		3A2965A829DC845F00DCEDBF /* Application */ = {
			isa = PBXGroup;
			children = (
				3A29659429DC83D100DCEDBF /* AppDelegate.swift */,
				3A29659629DC83D100DCEDBF /* SceneDelegate.swift */,
			);
			path = Application;
			sourceTree = "<group>";
		};
		3A2965A929DC847000DCEDBF /* SupportingFiles */ = {
			isa = PBXGroup;
			children = (
				3A29659D29DC83D200DCEDBF /* Assets.xcassets */,
				3A29659F29DC83D200DCEDBF /* LaunchScreen.storyboard */,
				3A2965A229DC83D200DCEDBF /* Info.plist */,
			);
			path = SupportingFiles;
			sourceTree = "<group>";
		};
		3A2965AC29DC865900DCEDBF /* Helpers */ = {
			isa = PBXGroup;
			children = (
				3A2965B929DCB44D00DCEDBF /* Extensions */,
				3A2965AF29DC878600DCEDBF /* Resources.swift */,
			);
			path = Helpers;
			sourceTree = "<group>";
		};
		3A2965B329DCB25300DCEDBF /* Controllers */ = {
			isa = PBXGroup;
			children = (
				3A2965BE29DCB57000DCEDBF /* Settings */,
				3A2965BD29DCB56B00DCEDBF /* Progress */,
				3A2965BC29DCB56600DCEDBF /* Session */,
				3A2965BB29DCB55C00DCEDBF /* Overview */,
				3A2965BA29DCB54C00DCEDBF /* Base */,
			);
			path = Controllers;
			sourceTree = "<group>";
		};
		3A2965B929DCB44D00DCEDBF /* Extensions */ = {
			isa = PBXGroup;
			children = (
				3A2965AD29DC866A00DCEDBF /* UIColor+Extension.swift */,
				3A2965B729DCB44800DCEDBF /* UIView+Extension.swift */,
				3A2F18F329DF089100EA3AD2 /* Date+Extension.swift */,
			);
			path = Extensions;
			sourceTree = "<group>";
		};
		3A2965BA29DCB54C00DCEDBF /* Base */ = {
			isa = PBXGroup;
			children = (
				3A2965AA29DC85D900DCEDBF /* TabBarController.swift */,
				3A2965B129DCB10100DCEDBF /* NavBarController.swift */,
				3A2965B529DCB27500DCEDBF /* BaseController.swift */,
				3A2965C629DCBA4D00DCEDBF /* WAButton.swift */,
				3A2F18EC29DEEE8900EA3AD2 /* BaseView.swift */,
				3A2F18F529DF0FFB00EA3AD2 /* BaseInfoView.swift */,
				3A61C6E429E22BE300491874 /* BarsView.swift */,
				3A61C6E629E22BF400491874 /* BarView.swift */,
				3A61C6EF29E2EA7E00491874 /* Charts */,
			);
			path = Base;
			sourceTree = "<group>";
		};
		3A2965BB29DCB55C00DCEDBF /* Overview */ = {
			isa = PBXGroup;
			children = (
				3A2965C529DCBA2A00DCEDBF /* Views */,
				3A29659829DC83D100DCEDBF /* OverviewController.swift */,
			);
			path = Overview;
			sourceTree = "<group>";
		};
		3A2965BC29DCB56600DCEDBF /* Session */ = {
			isa = PBXGroup;
			children = (
				3A056DEE29DF270E00545072 /* Views */,
				3A2965BF29DCB58000DCEDBF /* SessionController.swift */,
			);
			path = Session;
			sourceTree = "<group>";
		};
		3A2965BD29DCB56B00DCEDBF /* Progress */ = {
			isa = PBXGroup;
			children = (
				3A61C6E829E2DD9F00491874 /* Views */,
				3A2965C129DCB58E00DCEDBF /* ProgressController.swift */,
			);
			path = Progress;
			sourceTree = "<group>";
		};
		3A2965BE29DCB57000DCEDBF /* Settings */ = {
			isa = PBXGroup;
			children = (
				3A2965C329DCB59900DCEDBF /* SettingsController.swift */,
			);
			path = Settings;
			sourceTree = "<group>";
		};
		3A2965C529DCBA2A00DCEDBF /* Views */ = {
			isa = PBXGroup;
			children = (
				3A2F18EE29DF03C500EA3AD2 /* WeekView */,
				3A2F18EA29DEEE5900EA3AD2 /* OverviewNavBar.swift */,
				3A61C6F629E301AF00491874 /* SectionHeader.swift */,
				3A61C6F829E305ED00491874 /* TrainingCellView.swift */,
			);
			path = Views;
			sourceTree = "<group>";
		};
		3A2F18EE29DF03C500EA3AD2 /* WeekView */ = {
			isa = PBXGroup;
			children = (
				3A2F18EF29DF03D800EA3AD2 /* WeekView.swift */,
				3A2F18F129DF04BC00EA3AD2 /* WeekDayView.swift */,
			);
			path = WeekView;
			sourceTree = "<group>";
		};
		3A61C6DB29E21ECA00491874 /* Stats */ = {
			isa = PBXGroup;
			children = (
				3A61C6DF29E220A800491874 /* Views */,
				3A61C6DD29E2207D00491874 /* StatsView.swift */,
			);
			path = Stats;
			sourceTree = "<group>";
		};
		3A61C6DC29E21ED000491874 /* Steps */ = {
			isa = PBXGroup;
			children = (
				3A61C6E229E22B0600491874 /* StepsView.swift */,
			);
			path = Steps;
			sourceTree = "<group>";
		};
		3A61C6DF29E220A800491874 /* Views */ = {
			isa = PBXGroup;
			children = (
				3A61C6E029E220C000491874 /* StatsCellView.swift */,
			);
			path = Views;
			sourceTree = "<group>";
		};
		3A61C6E829E2DD9F00491874 /* Views */ = {
			isa = PBXGroup;
			children = (
				3A61C6E929E2DDD300491874 /* DailyPerformanceView.swift */,
				3A61C6EB29E2E78400491874 /* MonthlyPerformanceView.swift */,
			);
			path = Views;
			sourceTree = "<group>";
		};
		3A61C6EF29E2EA7E00491874 /* Charts */ = {
			isa = PBXGroup;
			children = (
				3A61C6ED29E2E90500491874 /* ChartsView.swift */,
				3A61C6F029E2EA8F00491874 /* ChartsYAxisView.swift */,
				3A61C6F229E2ED9500491874 /* ChartsXAxisView.swift */,
				3A61C6F429E2F2B500491874 /* ChartView.swift */,
			);
			path = Charts;
			sourceTree = "<group>";
		};
/* End PBXGroup section */

/* Begin PBXNativeTarget section */
		3A29659029DC83D100DCEDBF /* WorkoutApp */ = {
			isa = PBXNativeTarget;
			buildConfigurationList = 3A2965A529DC83D200DCEDBF /* Build configuration list for PBXNativeTarget "WorkoutApp" */;
			buildPhases = (
				3A29658D29DC83D100DCEDBF /* Sources */,
				3A29658E29DC83D100DCEDBF /* Frameworks */,
				3A29658F29DC83D100DCEDBF /* Resources */,
			);
			buildRules = (
			);
			dependencies = (
			);
			name = WorkoutApp;
			productName = WorkoutApp;
			productReference = 3A29659129DC83D100DCEDBF /* WorkoutApp.app */;
			productType = "com.apple.product-type.application";
		};
/* End PBXNativeTarget section */

/* Begin PBXProject section */
		3A29658929DC83D100DCEDBF /* Project object */ = {
			isa = PBXProject;
			attributes = {
				BuildIndependentTargetsInParallel = 1;
				LastSwiftUpdateCheck = 1420;
				LastUpgradeCheck = 1420;
				TargetAttributes = {
					3A29659029DC83D100DCEDBF = {
						CreatedOnToolsVersion = 14.2;
					};
				};
			};
			buildConfigurationList = 3A29658C29DC83D100DCEDBF /* Build configuration list for PBXProject "WorkoutApp" */;
			compatibilityVersion = "Xcode 14.0";
			developmentRegion = en;
			hasScannedForEncodings = 0;
			knownRegions = (
				en,
				Base,
			);
			mainGroup = 3A29658829DC83D100DCEDBF;
			productRefGroup = 3A29659229DC83D100DCEDBF /* Products */;
			projectDirPath = "";
			projectRoot = "";
			targets = (
				3A29659029DC83D100DCEDBF /* WorkoutApp */,
			);
		};
/* End PBXProject section */

/* Begin PBXResourcesBuildPhase section */
		3A29658F29DC83D100DCEDBF /* Resources */ = {
			isa = PBXResourcesBuildPhase;
			buildActionMask = 2147483647;
			files = (
				3A2965A129DC83D200DCEDBF /* LaunchScreen.storyboard in Resources */,
				3A29659E29DC83D200DCEDBF /* Assets.xcassets in Resources */,
			);
			runOnlyForDeploymentPostprocessing = 0;
		};
/* End PBXResourcesBuildPhase section */

/* Begin PBXSourcesBuildPhase section */
		3A29658D29DC83D100DCEDBF /* Sources */ = {
			isa = PBXSourcesBuildPhase;
			buildActionMask = 2147483647;
			files = (
				3A2F18F029DF03D800EA3AD2 /* WeekView.swift in Sources */,
				3A2965C429DCB59900DCEDBF /* SettingsController.swift in Sources */,
				3A29659929DC83D100DCEDBF /* OverviewController.swift in Sources */,
				3A2F18EB29DEEE5900EA3AD2 /* OverviewNavBar.swift in Sources */,
				3A2965AB29DC85D900DCEDBF /* TabBarController.swift in Sources */,
				3A61C6EC29E2E78400491874 /* MonthlyPerformanceView.swift in Sources */,
				3A61C6F929E305ED00491874 /* TrainingCellView.swift in Sources */,
				3A29659529DC83D100DCEDBF /* AppDelegate.swift in Sources */,
				3A2965B829DCB44800DCEDBF /* UIView+Extension.swift in Sources */,
				3A2965C029DCB58000DCEDBF /* SessionController.swift in Sources */,
				3A2965C729DCBA4D00DCEDBF /* WAButton.swift in Sources */,
				3A61C6EA29E2DDD300491874 /* DailyPerformanceView.swift in Sources */,
				3A2F18F629DF0FFB00EA3AD2 /* BaseInfoView.swift in Sources */,
				3A61C6F729E301AF00491874 /* SectionHeader.swift in Sources */,
				3A056DF029DF272500545072 /* TimerView.swift in Sources */,
				3A056DF229DF279A00545072 /* ProgressView.swift in Sources */,
				3A61C6E529E22BE300491874 /* BarsView.swift in Sources */,
				3A2965C229DCB58E00DCEDBF /* ProgressController.swift in Sources */,
				3A61C6E329E22B0600491874 /* StepsView.swift in Sources */,
				3A61C6EE29E2E90500491874 /* ChartsView.swift in Sources */,
				3A2965B229DCB10100DCEDBF /* NavBarController.swift in Sources */,
				3A2965B029DC878600DCEDBF /* Resources.swift in Sources */,
				3A29659729DC83D100DCEDBF /* SceneDelegate.swift in Sources */,
				3A61C6F129E2EA8F00491874 /* ChartsYAxisView.swift in Sources */,
				3A61C6E729E22BF400491874 /* BarView.swift in Sources */,
				3A61C6E129E220C000491874 /* StatsCellView.swift in Sources */,
				3A61C6DA29E2179200491874 /* PercentView.swift in Sources */,
				3A2F18ED29DEEE8900EA3AD2 /* BaseView.swift in Sources */,
				3A2F18F229DF04BC00EA3AD2 /* WeekDayView.swift in Sources */,
				3A2965B629DCB27500DCEDBF /* BaseController.swift in Sources */,
				3A61C6DE29E2207D00491874 /* StatsView.swift in Sources */,
				3A61C6F529E2F2B500491874 /* ChartView.swift in Sources */,
				3A61C6F329E2ED9500491874 /* ChartsXAxisView.swift in Sources */,
				3A2965AE29DC866A00DCEDBF /* UIColor+Extension.swift in Sources */,
				3A2F18F429DF089100EA3AD2 /* Date+Extension.swift in Sources */,
			);
			runOnlyForDeploymentPostprocessing = 0;
		};
/* End PBXSourcesBuildPhase section */

/* Begin PBXVariantGroup section */
		3A29659F29DC83D200DCEDBF /* LaunchScreen.storyboard */ = {
			isa = PBXVariantGroup;
			children = (
				3A2965A029DC83D200DCEDBF /* Base */,
			);
			name = LaunchScreen.storyboard;
			sourceTree = "<group>";
		};
/* End PBXVariantGroup section */

/* Begin XCBuildConfiguration section */
		3A2965A329DC83D200DCEDBF /* Debug */ = {
			isa = XCBuildConfiguration;
			buildSettings = {
				ALWAYS_SEARCH_USER_PATHS = NO;
				CLANG_ANALYZER_NONNULL = YES;
				CLANG_ANALYZER_NUMBER_OBJECT_CONVERSION = YES_AGGRESSIVE;
				CLANG_CXX_LANGUAGE_STANDARD = "gnu++20";
				CLANG_ENABLE_MODULES = YES;
				CLANG_ENABLE_OBJC_ARC = YES;
				CLANG_ENABLE_OBJC_WEAK = YES;
				CLANG_WARN_BLOCK_CAPTURE_AUTORELEASING = YES;
				CLANG_WARN_BOOL_CONVERSION = YES;
				CLANG_WARN_COMMA = YES;
				CLANG_WARN_CONSTANT_CONVERSION = YES;
				CLANG_WARN_DEPRECATED_OBJC_IMPLEMENTATIONS = YES;
				CLANG_WARN_DIRECT_OBJC_ISA_USAGE = YES_ERROR;
				CLANG_WARN_DOCUMENTATION_COMMENTS = YES;
				CLANG_WARN_EMPTY_BODY = YES;
				CLANG_WARN_ENUM_CONVERSION = YES;
				CLANG_WARN_INFINITE_RECURSION = YES;
				CLANG_WARN_INT_CONVERSION = YES;
				CLANG_WARN_NON_LITERAL_NULL_CONVERSION = YES;
				CLANG_WARN_OBJC_IMPLICIT_RETAIN_SELF = YES;
				CLANG_WARN_OBJC_LITERAL_CONVERSION = YES;
				CLANG_WARN_OBJC_ROOT_CLASS = YES_ERROR;
				CLANG_WARN_QUOTED_INCLUDE_IN_FRAMEWORK_HEADER = YES;
				CLANG_WARN_RANGE_LOOP_ANALYSIS = YES;
				CLANG_WARN_STRICT_PROTOTYPES = YES;
				CLANG_WARN_SUSPICIOUS_MOVE = YES;
				CLANG_WARN_UNGUARDED_AVAILABILITY = YES_AGGRESSIVE;
				CLANG_WARN_UNREACHABLE_CODE = YES;
				CLANG_WARN__DUPLICATE_METHOD_MATCH = YES;
				COPY_PHASE_STRIP = NO;
				DEBUG_INFORMATION_FORMAT = dwarf;
				ENABLE_STRICT_OBJC_MSGSEND = YES;
				ENABLE_TESTABILITY = YES;
				GCC_C_LANGUAGE_STANDARD = gnu11;
				GCC_DYNAMIC_NO_PIC = NO;
				GCC_NO_COMMON_BLOCKS = YES;
				GCC_OPTIMIZATION_LEVEL = 0;
				GCC_PREPROCESSOR_DEFINITIONS = (
					"DEBUG=1",
					"$(inherited)",
				);
				GCC_WARN_64_TO_32_BIT_CONVERSION = YES;
				GCC_WARN_ABOUT_RETURN_TYPE = YES_ERROR;
				GCC_WARN_UNDECLARED_SELECTOR = YES;
				GCC_WARN_UNINITIALIZED_AUTOS = YES_AGGRESSIVE;
				GCC_WARN_UNUSED_FUNCTION = YES;
				GCC_WARN_UNUSED_VARIABLE = YES;
				IPHONEOS_DEPLOYMENT_TARGET = 16.2;
				MTL_ENABLE_DEBUG_INFO = INCLUDE_SOURCE;
				MTL_FAST_MATH = YES;
				ONLY_ACTIVE_ARCH = YES;
				SDKROOT = iphoneos;
				SWIFT_ACTIVE_COMPILATION_CONDITIONS = DEBUG;
				SWIFT_OPTIMIZATION_LEVEL = "-Onone";
			};
			name = Debug;
		};
		3A2965A429DC83D200DCEDBF /* Release */ = {
			isa = XCBuildConfiguration;
			buildSettings = {
				ALWAYS_SEARCH_USER_PATHS = NO;
				CLANG_ANALYZER_NONNULL = YES;
				CLANG_ANALYZER_NUMBER_OBJECT_CONVERSION = YES_AGGRESSIVE;
				CLANG_CXX_LANGUAGE_STANDARD = "gnu++20";
				CLANG_ENABLE_MODULES = YES;
				CLANG_ENABLE_OBJC_ARC = YES;
				CLANG_ENABLE_OBJC_WEAK = YES;
				CLANG_WARN_BLOCK_CAPTURE_AUTORELEASING = YES;
				CLANG_WARN_BOOL_CONVERSION = YES;
				CLANG_WARN_COMMA = YES;
				CLANG_WARN_CONSTANT_CONVERSION = YES;
				CLANG_WARN_DEPRECATED_OBJC_IMPLEMENTATIONS = YES;
				CLANG_WARN_DIRECT_OBJC_ISA_USAGE = YES_ERROR;
				CLANG_WARN_DOCUMENTATION_COMMENTS = YES;
				CLANG_WARN_EMPTY_BODY = YES;
				CLANG_WARN_ENUM_CONVERSION = YES;
				CLANG_WARN_INFINITE_RECURSION = YES;
				CLANG_WARN_INT_CONVERSION = YES;
				CLANG_WARN_NON_LITERAL_NULL_CONVERSION = YES;
				CLANG_WARN_OBJC_IMPLICIT_RETAIN_SELF = YES;
				CLANG_WARN_OBJC_LITERAL_CONVERSION = YES;
				CLANG_WARN_OBJC_ROOT_CLASS = YES_ERROR;
				CLANG_WARN_QUOTED_INCLUDE_IN_FRAMEWORK_HEADER = YES;
				CLANG_WARN_RANGE_LOOP_ANALYSIS = YES;
				CLANG_WARN_STRICT_PROTOTYPES = YES;
				CLANG_WARN_SUSPICIOUS_MOVE = YES;
				CLANG_WARN_UNGUARDED_AVAILABILITY = YES_AGGRESSIVE;
				CLANG_WARN_UNREACHABLE_CODE = YES;
				CLANG_WARN__DUPLICATE_METHOD_MATCH = YES;
				COPY_PHASE_STRIP = NO;
				DEBUG_INFORMATION_FORMAT = "dwarf-with-dsym";
				ENABLE_NS_ASSERTIONS = NO;
				ENABLE_STRICT_OBJC_MSGSEND = YES;
				GCC_C_LANGUAGE_STANDARD = gnu11;
				GCC_NO_COMMON_BLOCKS = YES;
				GCC_WARN_64_TO_32_BIT_CONVERSION = YES;
				GCC_WARN_ABOUT_RETURN_TYPE = YES_ERROR;
				GCC_WARN_UNDECLARED_SELECTOR = YES;
				GCC_WARN_UNINITIALIZED_AUTOS = YES_AGGRESSIVE;
				GCC_WARN_UNUSED_FUNCTION = YES;
				GCC_WARN_UNUSED_VARIABLE = YES;
				IPHONEOS_DEPLOYMENT_TARGET = 16.2;
				MTL_ENABLE_DEBUG_INFO = NO;
				MTL_FAST_MATH = YES;
				SDKROOT = iphoneos;
				SWIFT_COMPILATION_MODE = wholemodule;
				SWIFT_OPTIMIZATION_LEVEL = "-O";
				VALIDATE_PRODUCT = YES;
			};
			name = Release;
		};
		3A2965A629DC83D200DCEDBF /* Debug */ = {
			isa = XCBuildConfiguration;
			buildSettings = {
				ASSETCATALOG_COMPILER_APPICON_NAME = AppIcon;
				ASSETCATALOG_COMPILER_GLOBAL_ACCENT_COLOR_NAME = AccentColor;
				CODE_SIGN_STYLE = Automatic;
				CURRENT_PROJECT_VERSION = 1;
				DEVELOPMENT_TEAM = S5766AV554;
				GENERATE_INFOPLIST_FILE = YES;
				INFOPLIST_FILE = WorkoutApp/SupportingFiles/Info.plist;
				INFOPLIST_KEY_UIApplicationSupportsIndirectInputEvents = YES;
				INFOPLIST_KEY_UILaunchStoryboardName = LaunchScreen;
				INFOPLIST_KEY_UISupportedInterfaceOrientations = UIInterfaceOrientationPortrait;
				INFOPLIST_KEY_UISupportedInterfaceOrientations_iPad = "UIInterfaceOrientationLandscapeLeft UIInterfaceOrientationLandscapeRight UIInterfaceOrientationPortrait UIInterfaceOrientationPortraitUpsideDown";
				LD_RUNPATH_SEARCH_PATHS = (
					"$(inherited)",
					"@executable_path/Frameworks",
				);
				MARKETING_VERSION = 1.0;
				PRODUCT_BUNDLE_IDENTIFIER = com.notbad.WorkoutApp;
				PRODUCT_NAME = "$(TARGET_NAME)";
				SUPPORTED_PLATFORMS = "iphoneos iphonesimulator";
				SUPPORTS_MACCATALYST = NO;
				SUPPORTS_MAC_DESIGNED_FOR_IPHONE_IPAD = YES;
				SWIFT_EMIT_LOC_STRINGS = YES;
				SWIFT_VERSION = 5.0;
				TARGETED_DEVICE_FAMILY = 1;
			};
			name = Debug;
		};
		3A2965A729DC83D200DCEDBF /* Release */ = {
			isa = XCBuildConfiguration;
			buildSettings = {
				ASSETCATALOG_COMPILER_APPICON_NAME = AppIcon;
				ASSETCATALOG_COMPILER_GLOBAL_ACCENT_COLOR_NAME = AccentColor;
				CODE_SIGN_STYLE = Automatic;
				CURRENT_PROJECT_VERSION = 1;
				DEVELOPMENT_TEAM = S5766AV554;
				GENERATE_INFOPLIST_FILE = YES;
				INFOPLIST_FILE = WorkoutApp/SupportingFiles/Info.plist;
				INFOPLIST_KEY_UIApplicationSupportsIndirectInputEvents = YES;
				INFOPLIST_KEY_UILaunchStoryboardName = LaunchScreen;
				INFOPLIST_KEY_UISupportedInterfaceOrientations = UIInterfaceOrientationPortrait;
				INFOPLIST_KEY_UISupportedInterfaceOrientations_iPad = "UIInterfaceOrientationLandscapeLeft UIInterfaceOrientationLandscapeRight UIInterfaceOrientationPortrait UIInterfaceOrientationPortraitUpsideDown";
				LD_RUNPATH_SEARCH_PATHS = (
					"$(inherited)",
					"@executable_path/Frameworks",
				);
				MARKETING_VERSION = 1.0;
				PRODUCT_BUNDLE_IDENTIFIER = com.notbad.WorkoutApp;
				PRODUCT_NAME = "$(TARGET_NAME)";
				SUPPORTED_PLATFORMS = "iphoneos iphonesimulator";
				SUPPORTS_MACCATALYST = NO;
				SUPPORTS_MAC_DESIGNED_FOR_IPHONE_IPAD = YES;
				SWIFT_EMIT_LOC_STRINGS = YES;
				SWIFT_VERSION = 5.0;
				TARGETED_DEVICE_FAMILY = 1;
			};
			name = Release;
		};
/* End XCBuildConfiguration section */

/* Begin XCConfigurationList section */
		3A29658C29DC83D100DCEDBF /* Build configuration list for PBXProject "WorkoutApp" */ = {
			isa = XCConfigurationList;
			buildConfigurations = (
				3A2965A329DC83D200DCEDBF /* Debug */,
				3A2965A429DC83D200DCEDBF /* Release */,
			);
			defaultConfigurationIsVisible = 0;
			defaultConfigurationName = Release;
		};
		3A2965A529DC83D200DCEDBF /* Build configuration list for PBXNativeTarget "WorkoutApp" */ = {
			isa = XCConfigurationList;
			buildConfigurations = (
				3A2965A629DC83D200DCEDBF /* Debug */,
				3A2965A729DC83D200DCEDBF /* Release */,
			);
			defaultConfigurationIsVisible = 0;
			defaultConfigurationName = Release;
		};
/* End XCConfigurationList section */
	};
	rootObject = 3A29658929DC83D100DCEDBF /* Project object */;
}
